
Microsoft Visual Studio Solution File, Format Version 12.00
# Visual Studio Version 17
VisualStudioVersion = 17.3.32929.385
MinimumVisualStudioVersion = 10.0.40219.1
Project("{FAE04EC0-301F-11D3-BF4B-00C04F79EFBC}") = "Bike Dekho", "Bike Dekho\Bike Dekho.csproj", "{7C3769F0-C938-4441-9E67-FBF52AA1C7AD}"
EndProject
Global
	GlobalSection(SolutionConfigurationPlatforms) = preSolution
		Debug|Any CPU = Debug|Any CPU
		Release|Any CPU = Release|Any CPU
	EndGlobalSection
	GlobalSection(ProjectConfigurationPlatforms) = postSolution
		{7C3769F0-C938-4441-9E67-FBF52AA1C7AD}.Debug|Any CPU.ActiveCfg = Debug|Any CPU
		{7C3769F0-C938-4441-9E67-FBF52AA1C7AD}.Debug|Any CPU.Build.0 = Debug|Any CPU
		{7C3769F0-C938-4441-9E67-FBF52AA1C7AD}.Release|Any CPU.ActiveCfg = Release|Any CPU
		{7C3769F0-C938-4441-9E67-FBF52AA1C7AD}.Release|Any CPU.Build.0 = Release|Any CPU
	EndGlobalSection
	GlobalSection(SolutionProperties) = preSolution
		HideSolutionNode = FALSE
	EndGlobalSection
	GlobalSection(ExtensibilityGlobals) = postSolution
		SolutionGuid = {32AA3EC6-B04A-4B8B-9777-93E1F4A26785}
	EndGlobalSection
EndGlobal
